// !$*UTF8*$!
{
	archiveVersion = 1;
	classes = {
	};
	objectVersion = 50;
	objects = {

/* Begin PBXBuildFile section */
		C60A4EA725AE8366002CB1F7 /* AppDelegate.swift in Sources */ = {isa = PBXBuildFile; fileRef = C60A4EA625AE8366002CB1F7 /* AppDelegate.swift */; };
		C60A4EA925AE8366002CB1F7 /* SceneDelegate.swift in Sources */ = {isa = PBXBuildFile; fileRef = C60A4EA825AE8366002CB1F7 /* SceneDelegate.swift */; };
		C60A4EAB25AE8366002CB1F7 /* ViewController.swift in Sources */ = {isa = PBXBuildFile; fileRef = C60A4EAA25AE8366002CB1F7 /* ViewController.swift */; };
		C60A4EAE25AE8366002CB1F7 /* Main.storyboard in Resources */ = {isa = PBXBuildFile; fileRef = C60A4EAC25AE8366002CB1F7 /* Main.storyboard */; };
		C60A4EB025AE836B002CB1F7 /* Assets.xcassets in Resources */ = {isa = PBXBuildFile; fileRef = C60A4EAF25AE836B002CB1F7 /* Assets.xcassets */; };
		C60A4EB325AE836B002CB1F7 /* LaunchScreen.storyboard in Resources */ = {isa = PBXBuildFile; fileRef = C60A4EB125AE836B002CB1F7 /* LaunchScreen.storyboard */; };
		C60A4EBE25AE836B002CB1F7 /* PreworkTests.swift in Sources */ = {isa = PBXBuildFile; fileRef = C60A4EBD25AE836B002CB1F7 /* PreworkTests.swift */; };
		C60A4EC925AE836B002CB1F7 /* PreworkUITests.swift in Sources */ = {isa = PBXBuildFile; fileRef = C60A4EC825AE836B002CB1F7 /* PreworkUITests.swift */; };
/* End PBXBuildFile section */

/* Begin PBXContainerItemProxy section */
		C60A4EBA25AE836B002CB1F7 /* PBXContainerItemProxy */ = {
			isa = PBXContainerItemProxy;
			containerPortal = C60A4E9B25AE8365002CB1F7 /* Project object */;
			proxyType = 1;
			remoteGlobalIDString = C60A4EA225AE8366002CB1F7;
			remoteInfo = Prework;
		};
		C60A4EC525AE836B002CB1F7 /* PBXContainerItemProxy */ = {
			isa = PBXContainerItemProxy;
			containerPortal = C60A4E9B25AE8365002CB1F7 /* Project object */;
			proxyType = 1;
			remoteGlobalIDString = C60A4EA225AE8366002CB1F7;
			remoteInfo = Prework;
		};
/* End PBXContainerItemProxy section */

/* Begin PBXFileReference section */
		C60A4EA325AE8366002CB1F7 /* Prework.app */ = {isa = PBXFileReference; explicitFileType = wrapper.application; includeInIndex = 0; path = Prework.app; sourceTree = BUILT_PRODUCTS_DIR; };
		C60A4EA625AE8366002CB1F7 /* AppDelegate.swift */ = {isa = PBXFileReference; lastKnownFileType = sourcecode.swift; path = AppDelegate.swift; sourceTree = "<group>"; };
		C60A4EA825AE8366002CB1F7 /* SceneDelegate.swift */ = {isa = PBXFileReference; lastKnownFileType = sourcecode.swift; path = SceneDelegate.swift; sourceTree = "<group>"; };
		C60A4EAA25AE8366002CB1F7 /* ViewController.swift */ = {isa = PBXFileReference; lastKnownFileType = sourcecode.swift; path = ViewController.swift; sourceTree = "<group>"; };
		C60A4EAD25AE8366002CB1F7 /* Base */ = {isa = PBXFileReference; lastKnownFileType = file.storyboard; name = Base; path = Base.lproj/Main.storyboard; sourceTree = "<group>"; };
		C60A4EAF25AE836B002CB1F7 /* Assets.xcassets */ = {isa = PBXFileReference; lastKnownFileType = folder.assetcatalog; path = Assets.xcassets; sourceTree = "<group>"; };
		C60A4EB225AE836B002CB1F7 /* Base */ = {isa = PBXFileReference; lastKnownFileType = file.storyboard; name = Base; path = Base.lproj/LaunchScreen.storyboard; sourceTree = "<group>"; };
		C60A4EB425AE836B002CB1F7 /* Info.plist */ = {isa = PBXFileReference; lastKnownFileType = text.plist.xml; path = Info.plist; sourceTree = "<group>"; };
		C60A4EB925AE836B002CB1F7 /* PreworkTests.xctest */ = {isa = PBXFileReference; explicitFileType = wrapper.cfbundle; includeInIndex = 0; path = PreworkTests.xctest; sourceTree = BUILT_PRODUCTS_DIR; };
		C60A4EBD25AE836B002CB1F7 /* PreworkTests.swift */ = {isa = PBXFileReference; lastKnownFileType = sourcecode.swift; path = PreworkTests.swift; sourceTree = "<group>"; };
		C60A4EBF25AE836B002CB1F7 /* Info.plist */ = {isa = PBXFileReference; lastKnownFileType = text.plist.xml; path = Info.plist; sourceTree = "<group>"; };
		C60A4EC425AE836B002CB1F7 /* PreworkUITests.xctest */ = {isa = PBXFileReference; explicitFileType = wrapper.cfbundle; includeInIndex = 0; path = PreworkUITests.xctest; sourceTree = BUILT_PRODUCTS_DIR; };
		C60A4EC825AE836B002CB1F7 /* PreworkUITests.swift */ = {isa = PBXFileReference; lastKnownFileType = sourcecode.swift; path = PreworkUITests.swift; sourceTree = "<group>"; };
		C60A4ECA25AE836B002CB1F7 /* Info.plist */ = {isa = PBXFileReference; lastKnownFileType = text.plist.xml; path = Info.plist; sourceTree = "<group>"; };
/* End PBXFileReference section */

/* Begin PBXFrameworksBuildPhase section */
		C60A4EA025AE8366002CB1F7 /* Frameworks */ = {
			isa = PBXFrameworksBuildPhase;
			buildActionMask = 2147483647;
			files = (
			);
			runOnlyForDeploymentPostprocessing = 0;
		};
		C60A4EB625AE836B002CB1F7 /* Frameworks */ = {
			isa = PBXFrameworksBuildPhase;
			buildActionMask = 2147483647;
			files = (
			);
			runOnlyForDeploymentPostprocessing = 0;
		};
		C60A4EC125AE836B002CB1F7 /* Frameworks */ = {
			isa = PBXFrameworksBuildPhase;
			buildActionMask = 2147483647;
			files = (
			);
			runOnlyForDeploymentPostprocessing = 0;
		};
/* End PBXFrameworksBuildPhase section */

/* Begin PBXGroup section */
		C60A4E9A25AE8365002CB1F7 = {
			isa = PBXGroup;
			children = (
				C60A4EA525AE8366002CB1F7 /* Prework */,
				C60A4EBC25AE836B002CB1F7 /* PreworkTests */,
				C60A4EC725AE836B002CB1F7 /* PreworkUITests */,
				C60A4EA425AE8366002CB1F7 /* Products */,
			);
			sourceTree = "<group>";
		};
		C60A4EA425AE8366002CB1F7 /* Products */ = {
			isa = PBXGroup;
			children = (
				C60A4EA325AE8366002CB1F7 /* Prework.app */,
				C60A4EB925AE836B002CB1F7 /* PreworkTests.xctest */,
				C60A4EC425AE836B002CB1F7 /* PreworkUITests.xctest */,
			);
			name = Products;
			sourceTree = "<group>";
		};
		C60A4EA525AE8366002CB1F7 /* Prework */ = {
			isa = PBXGroup;
			children = (
				C60A4EA625AE8366002CB1F7 /* AppDelegate.swift */,
				C60A4EA825AE8366002CB1F7 /* SceneDelegate.swift */,
				C60A4EAA25AE8366002CB1F7 /* ViewController.swift */,
				C60A4EAC25AE8366002CB1F7 /* Main.storyboard */,
				C60A4EAF25AE836B002CB1F7 /* Assets.xcassets */,
				C60A4EB125AE836B002CB1F7 /* LaunchScreen.storyboard */,
				C60A4EB425AE836B002CB1F7 /* Info.plist */,
			);
			path = Prework;
			sourceTree = "<group>";
		};
		C60A4EBC25AE836B002CB1F7 /* PreworkTests */ = {
			isa = PBXGroup;
			children = (
				C60A4EBD25AE836B002CB1F7 /* PreworkTests.swift */,
				C60A4EBF25AE836B002CB1F7 /* Info.plist */,
			);
			path = PreworkTests;
			sourceTree = "<group>";
		};
		C60A4EC725AE836B002CB1F7 /* PreworkUITests */ = {
			isa = PBXGroup;
			children = (
				C60A4EC825AE836B002CB1F7 /* PreworkUITests.swift */,
				C60A4ECA25AE836B002CB1F7 /* Info.plist */,
			);
			path = PreworkUITests;
			sourceTree = "<group>";
		};
/* End PBXGroup section */

/* Begin PBXNativeTarget section */
		C60A4EA225AE8366002CB1F7 /* Prework */ = {
			isa = PBXNativeTarget;
			buildConfigurationList = C60A4ECD25AE836B002CB1F7 /* Build configuration list for PBXNativeTarget "Prework" */;
			buildPhases = (
				C60A4E9F25AE8366002CB1F7 /* Sources */,
				C60A4EA025AE8366002CB1F7 /* Frameworks */,
				C60A4EA125AE8366002CB1F7 /* Resources */,
			);
			buildRules = (
			);
			dependencies = (
			);
			name = Prework;
			productName = Prework;
			productReference = C60A4EA325AE8366002CB1F7 /* Prework.app */;
			productType = "com.apple.product-type.application";
		};
		C60A4EB825AE836B002CB1F7 /* PreworkTests */ = {
			isa = PBXNativeTarget;
			buildConfigurationList = C60A4ED025AE836B002CB1F7 /* Build configuration list for PBXNativeTarget "PreworkTests" */;
			buildPhases = (
				C60A4EB525AE836B002CB1F7 /* Sources */,
				C60A4EB625AE836B002CB1F7 /* Frameworks */,
				C60A4EB725AE836B002CB1F7 /* Resources */,
			);
			buildRules = (
			);
			dependencies = (
				C60A4EBB25AE836B002CB1F7 /* PBXTargetDependency */,
			);
			name = PreworkTests;
			productName = PreworkTests;
			productReference = C60A4EB925AE836B002CB1F7 /* PreworkTests.xctest */;
			productType = "com.apple.product-type.bundle.unit-test";
		};
		C60A4EC325AE836B002CB1F7 /* PreworkUITests */ = {
			isa = PBXNativeTarget;
			buildConfigurationList = C60A4ED325AE836B002CB1F7 /* Build configuration list for PBXNativeTarget "PreworkUITests" */;
			buildPhases = (
				C60A4EC025AE836B002CB1F7 /* Sources */,
				C60A4EC125AE836B002CB1F7 /* Frameworks */,
				C60A4EC225AE836B002CB1F7 /* Resources */,
			);
			buildRules = (
			);
			dependencies = (
				C60A4EC625AE836B002CB1F7 /* PBXTargetDependency */,
			);
			name = PreworkUITests;
			productName = PreworkUITests;
			productReference = C60A4EC425AE836B002CB1F7 /* PreworkUITests.xctest */;
			productType = "com.apple.product-type.bundle.ui-testing";
		};
/* End PBXNativeTarget section */

/* Begin PBXProject section */
		C60A4E9B25AE8365002CB1F7 /* Project object */ = {
			isa = PBXProject;
			attributes = {
				LastSwiftUpdateCheck = 1230;
				LastUpgradeCheck = 1230;
				TargetAttributes = {
					C60A4EA225AE8366002CB1F7 = {
						CreatedOnToolsVersion = 12.3;
					};
					C60A4EB825AE836B002CB1F7 = {
						CreatedOnToolsVersion = 12.3;
						TestTargetID = C60A4EA225AE8366002CB1F7;
					};
					C60A4EC325AE836B002CB1F7 = {
						CreatedOnToolsVersion = 12.3;
						TestTargetID = C60A4EA225AE8366002CB1F7;
					};
				};
			};
			buildConfigurationList = C60A4E9E25AE8365002CB1F7 /* Build configuration list for PBXProject "Prework" */;
			compatibilityVersion = "Xcode 9.3";
			developmentRegion = en;
			hasScannedForEncodings = 0;
			knownRegions = (
				en,
				Base,
			);
			mainGroup = C60A4E9A25AE8365002CB1F7;
			productRefGroup = C60A4EA425AE8366002CB1F7 /* Products */;
			projectDirPath = "";
			projectRoot = "";
			targets = (
				C60A4EA225AE8366002CB1F7 /* Prework */,
				C60A4EB825AE836B002CB1F7 /* PreworkTests */,
				C60A4EC325AE836B002CB1F7 /* PreworkUITests */,
			);
		};
/* End PBXProject section */

/* Begin PBXResourcesBuildPhase section */
		C60A4EA125AE8366002CB1F7 /* Resources */ = {
			isa = PBXResourcesBuildPhase;
			buildActionMask = 2147483647;
			files = (
				C60A4EB325AE836B002CB1F7 /* LaunchScreen.storyboard in Resources */,
				C60A4EB025AE836B002CB1F7 /* Assets.xcassets in Resources */,
				C60A4EAE25AE8366002CB1F7 /* Main.storyboard in Resources */,
			);
			runOnlyForDeploymentPostprocessing = 0;
		};
		C60A4EB725AE836B002CB1F7 /* Resources */ = {
			isa = PBXResourcesBuildPhase;
			buildActionMask = 2147483647;
			files = (
			);
			runOnlyForDeploymentPostprocessing = 0;
		};
		C60A4EC225AE836B002CB1F7 /* Resources */ = {
			isa = PBXResourcesBuildPhase;
			buildActionMask = 2147483647;
			files = (
			);
			runOnlyForDeploymentPostprocessing = 0;
		};
/* End PBXResourcesBuildPhase section */

/* Begin PBXSourcesBuildPhase section */
		C60A4E9F25AE8366002CB1F7 /* Sources */ = {
			isa = PBXSourcesBuildPhase;
			buildActionMask = 2147483647;
			files = (
				C60A4EAB25AE8366002CB1F7 /* ViewController.swift in Sources */,
				C60A4EA725AE8366002CB1F7 /* AppDelegate.swift in Sources */,
				C60A4EA925AE8366002CB1F7 /* SceneDelegate.swift in Sources */,
			);
			runOnlyForDeploymentPostprocessing = 0;
		};
		C60A4EB525AE836B002CB1F7 /* Sources */ = {
			isa = PBXSourcesBuildPhase;
			buildActionMask = 2147483647;
			files = (
				C60A4EBE25AE836B002CB1F7 /* PreworkTests.swift in Sources */,
			);
			runOnlyForDeploymentPostprocessing = 0;
		};
		C60A4EC025AE836B002CB1F7 /* Sources */ = {
			isa = PBXSourcesBuildPhase;
			buildActionMask = 2147483647;
			files = (
				C60A4EC925AE836B002CB1F7 /* PreworkUITests.swift in Sources */,
			);
			runOnlyForDeploymentPostprocessing = 0;
		};
/* End PBXSourcesBuildPhase section */

/* Begin PBXTargetDependency section */
		C60A4EBB25AE836B002CB1F7 /* PBXTargetDependency */ = {
			isa = PBXTargetDependency;
			target = C60A4EA225AE8366002CB1F7 /* Prework */;
			targetProxy = C60A4EBA25AE836B002CB1F7 /* PBXContainerItemProxy */;
		};
		C60A4EC625AE836B002CB1F7 /* PBXTargetDependency */ = {
			isa = PBXTargetDependency;
			target = C60A4EA225AE8366002CB1F7 /* Prework */;
			targetProxy = C60A4EC525AE836B002CB1F7 /* PBXContainerItemProxy */;
		};
/* End PBXTargetDependency section */

/* Begin PBXVariantGroup section */
		C60A4EAC25AE8366002CB1F7 /* Main.storyboard */ = {
			isa = PBXVariantGroup;
			children = (
				C60A4EAD25AE8366002CB1F7 /* Base */,
			);
			name = Main.storyboard;
			sourceTree = "<group>";
		};
		C60A4EB125AE836B002CB1F7 /* LaunchScreen.storyboard */ = {
			isa = PBXVariantGroup;
			children = (
				C60A4EB225AE836B002CB1F7 /* Base */,
			);
			name = LaunchScreen.storyboard;
			sourceTree = "<group>";
		};
/* End PBXVariantGroup section */

/* Begin XCBuildConfiguration section */
		C60A4ECB25AE836B002CB1F7 /* Debug */ = {
			isa = XCBuildConfiguration;
			buildSettings = {
				ALWAYS_SEARCH_USER_PATHS = NO;
				CLANG_ANALYZER_NONNULL = YES;
				CLANG_ANALYZER_NUMBER_OBJECT_CONVERSION = YES_AGGRESSIVE;
				CLANG_CXX_LANGUAGE_STANDARD = "gnu++14";
				CLANG_CXX_LIBRARY = "libc++";
				CLANG_ENABLE_MODULES = YES;
				CLANG_ENABLE_OBJC_ARC = YES;
				CLANG_ENABLE_OBJC_WEAK = YES;
				CLANG_WARN_BLOCK_CAPTURE_AUTORELEASING = YES;
				CLANG_WARN_BOOL_CONVERSION = YES;
				CLANG_WARN_COMMA = YES;
				CLANG_WARN_CONSTANT_CONVERSION = YES;
				CLANG_WARN_DEPRECATED_OBJC_IMPLEMENTATIONS = YES;
				CLANG_WARN_DIRECT_OBJC_ISA_USAGE = YES_ERROR;
				CLANG_WARN_DOCUMENTATION_COMMENTS = YES;
				CLANG_WARN_EMPTY_BODY = YES;
				CLANG_WARN_ENUM_CONVERSION = YES;
				CLANG_WARN_INFINITE_RECURSION = YES;
				CLANG_WARN_INT_CONVERSION = YES;
				CLANG_WARN_NON_LITERAL_NULL_CONVERSION = YES;
				CLANG_WARN_OBJC_IMPLICIT_RETAIN_SELF = YES;
				CLANG_WARN_OBJC_LITERAL_CONVERSION = YES;
				CLANG_WARN_OBJC_ROOT_CLASS = YES_ERROR;
				CLANG_WARN_QUOTED_INCLUDE_IN_FRAMEWORK_HEADER = YES;
				CLANG_WARN_RANGE_LOOP_ANALYSIS = YES;
				CLANG_WARN_STRICT_PROTOTYPES = YES;
				CLANG_WARN_SUSPICIOUS_MOVE = YES;
				CLANG_WARN_UNGUARDED_AVAILABILITY = YES_AGGRESSIVE;
				CLANG_WARN_UNREACHABLE_CODE = YES;
				CLANG_WARN__DUPLICATE_METHOD_MATCH = YES;
				COPY_PHASE_STRIP = NO;
				DEBUG_INFORMATION_FORMAT = dwarf;
				ENABLE_STRICT_OBJC_MSGSEND = YES;
				ENABLE_TESTABILITY = YES;
				GCC_C_LANGUAGE_STANDARD = gnu11;
				GCC_DYNAMIC_NO_PIC = NO;
				GCC_NO_COMMON_BLOCKS = YES;
				GCC_OPTIMIZATION_LEVEL = 0;
				GCC_PREPROCESSOR_DEFINITIONS = (
					"DEBUG=1",
					"$(inherited)",
				);
				GCC_WARN_64_TO_32_BIT_CONVERSION = YES;
				GCC_WARN_ABOUT_RETURN_TYPE = YES_ERROR;
				GCC_WARN_UNDECLARED_SELECTOR = YES;
				GCC_WARN_UNINITIALIZED_AUTOS = YES_AGGRESSIVE;
				GCC_WARN_UNUSED_FUNCTION = YES;
				GCC_WARN_UNUSED_VARIABLE = YES;
				IPHONEOS_DEPLOYMENT_TARGET = 14.3;
				MTL_ENABLE_DEBUG_INFO = INCLUDE_SOURCE;
				MTL_FAST_MATH = YES;
				ONLY_ACTIVE_ARCH = YES;
				SDKROOT = iphoneos;
				SWIFT_ACTIVE_COMPILATION_CONDITIONS = DEBUG;
				SWIFT_OPTIMIZATION_LEVEL = "-Onone";
			};
			name = Debug;
		};
		C60A4ECC25AE836B002CB1F7 /* Release */ = {
			isa = XCBuildConfiguration;
			buildSettings = {
				ALWAYS_SEARCH_USER_PATHS = NO;
				CLANG_ANALYZER_NONNULL = YES;
				CLANG_ANALYZER_NUMBER_OBJECT_CONVERSION = YES_AGGRESSIVE;
				CLANG_CXX_LANGUAGE_STANDARD = "gnu++14";
				CLANG_CXX_LIBRARY = "libc++";
				CLANG_ENABLE_MODULES = YES;
				CLANG_ENABLE_OBJC_ARC = YES;
				CLANG_ENABLE_OBJC_WEAK = YES;
				CLANG_WARN_BLOCK_CAPTURE_AUTORELEASING = YES;
				CLANG_WARN_BOOL_CONVERSION = YES;
				CLANG_WARN_COMMA = YES;
				CLANG_WARN_CONSTANT_CONVERSION = YES;
				CLANG_WARN_DEPRECATED_OBJC_IMPLEMENTATIONS = YES;
				CLANG_WARN_DIRECT_OBJC_ISA_USAGE = YES_ERROR;
				CLANG_WARN_DOCUMENTATION_COMMENTS = YES;
				CLANG_WARN_EMPTY_BODY = YES;
				CLANG_WARN_ENUM_CONVERSION = YES;
				CLANG_WARN_INFINITE_RECURSION = YES;
				CLANG_WARN_INT_CONVERSION = YES;
				CLANG_WARN_NON_LITERAL_NULL_CONVERSION = YES;
				CLANG_WARN_OBJC_IMPLICIT_RETAIN_SELF = YES;
				CLANG_WARN_OBJC_LITERAL_CONVERSION = YES;
				CLANG_WARN_OBJC_ROOT_CLASS = YES_ERROR;
				CLANG_WARN_QUOTED_INCLUDE_IN_FRAMEWORK_HEADER = YES;
				CLANG_WARN_RANGE_LOOP_ANALYSIS = YES;
				CLANG_WARN_STRICT_PROTOTYPES = YES;
				CLANG_WARN_SUSPICIOUS_MOVE = YES;
				CLANG_WARN_UNGUARDED_AVAILABILITY = YES_AGGRESSIVE;
				CLANG_WARN_UNREACHABLE_CODE = YES;
				CLANG_WARN__DUPLICATE_METHOD_MATCH = YES;
				COPY_PHASE_STRIP = NO;
				DEBUG_INFORMATION_FORMAT = "dwarf-with-dsym";
				ENABLE_NS_ASSERTIONS = NO;
				ENABLE_STRICT_OBJC_MSGSEND = YES;
				GCC_C_LANGUAGE_STANDARD = gnu11;
				GCC_NO_COMMON_BLOCKS = YES;
				GCC_WARN_64_TO_32_BIT_CONVERSION = YES;
				GCC_WARN_ABOUT_RETURN_TYPE = YES_ERROR;
				GCC_WARN_UNDECLARED_SELECTOR = YES;
				GCC_WARN_UNINITIALIZED_AUTOS = YES_AGGRESSIVE;
				GCC_WARN_UNUSED_FUNCTION = YES;
				GCC_WARN_UNUSED_VARIABLE = YES;
				IPHONEOS_DEPLOYMENT_TARGET = 14.3;
				MTL_ENABLE_DEBUG_INFO = NO;
				MTL_FAST_MATH = YES;
				SDKROOT = iphoneos;
				SWIFT_COMPILATION_MODE = wholemodule;
				SWIFT_OPTIMIZATION_LEVEL = "-O";
				VALIDATE_PRODUCT = YES;
			};
			name = Release;
		};
		C60A4ECE25AE836B002CB1F7 /* Debug */ = {
			isa = XCBuildConfiguration;
			buildSettings = {
				ASSETCATALOG_COMPILER_APPICON_NAME = AppIcon;
				ASSETCATALOG_COMPILER_GLOBAL_ACCENT_COLOR_NAME = AccentColor;
				CODE_SIGN_STYLE = Automatic;
				INFOPLIST_FILE = Prework/Info.plist;
				LD_RUNPATH_SEARCH_PATHS = (
					"$(inherited)",
					"@executable_path/Frameworks",
				);
				PRODUCT_BUNDLE_IDENTIFIER = memo.com.Prework;
				PRODUCT_NAME = "$(TARGET_NAME)";
				SWIFT_VERSION = 5.0;
				TARGETED_DEVICE_FAMILY = "1,2";
			};
			name = Debug;
		};
		C60A4ECF25AE836B002CB1F7 /* Release */ = {
			isa = XCBuildConfiguration;
			buildSettings = {
				ASSETCATALOG_COMPILER_APPICON_NAME = AppIcon;
				ASSETCATALOG_COMPILER_GLOBAL_ACCENT_COLOR_NAME = AccentColor;
				CODE_SIGN_STYLE = Automatic;
				INFOPLIST_FILE = Prework/Info.plist;
				LD_RUNPATH_SEARCH_PATHS = (
					"$(inherited)",
					"@executable_path/Frameworks",
				);
				PRODUCT_BUNDLE_IDENTIFIER = memo.com.Prework;
				PRODUCT_NAME = "$(TARGET_NAME)";
				SWIFT_VERSION = 5.0;
				TARGETED_DEVICE_FAMILY = "1,2";
			};
			name = Release;
		};
		C60A4ED125AE836B002CB1F7 /* Debug */ = {
			isa = XCBuildConfiguration;
			buildSettings = {
				ALWAYS_EMBED_SWIFT_STANDARD_LIBRARIES = YES;
				BUNDLE_LOADER = "$(TEST_HOST)";
				CODE_SIGN_STYLE = Automatic;
				INFOPLIST_FILE = PreworkTests/Info.plist;
				IPHONEOS_DEPLOYMENT_TARGET = 14.3;
				LD_RUNPATH_SEARCH_PATHS = (
					"$(inherited)",
					"@executable_path/Frameworks",
					"@loader_path/Frameworks",
				);
				PRODUCT_BUNDLE_IDENTIFIER = memo.com.PreworkTests;
				PRODUCT_NAME = "$(TARGET_NAME)";
				SWIFT_VERSION = 5.0;
				TARGETED_DEVICE_FAMILY = "1,2";
				TEST_HOST = "$(BUILT_PRODUCTS_DIR)/Prework.app/Prework";
			};
			name = Debug;
		};
		C60A4ED225AE836B002CB1F7 /* Release */ = {
			isa = XCBuildConfiguration;
			buildSettings = {
				ALWAYS_EMBED_SWIFT_STANDARD_LIBRARIES = YES;
				BUNDLE_LOADER = "$(TEST_HOST)";
				CODE_SIGN_STYLE = Automatic;
				INFOPLIST_FILE = PreworkTests/Info.plist;
				IPHONEOS_DEPLOYMENT_TARGET = 14.3;
				LD_RUNPATH_SEARCH_PATHS = (
					"$(inherited)",
					"@executable_path/Frameworks",
					"@loader_path/Frameworks",
				);
				PRODUCT_BUNDLE_IDENTIFIER = memo.com.PreworkTests;
				PRODUCT_NAME = "$(TARGET_NAME)";
				SWIFT_VERSION = 5.0;
				TARGETED_DEVICE_FAMILY = "1,2";
				TEST_HOST = "$(BUILT_PRODUCTS_DIR)/Prework.app/Prework";
			};
			name = Release;
		};
		C60A4ED425AE836B002CB1F7 /* Debug */ = {
			isa = XCBuildConfiguration;
			buildSettings = {
				ALWAYS_EMBED_SWIFT_STANDARD_LIBRARIES = YES;
				CODE_SIGN_STYLE = Automatic;
				INFOPLIST_FILE = PreworkUITests/Info.plist;
				LD_RUNPATH_SEARCH_PATHS = (
					"$(inherited)",
					"@executable_path/Frameworks",
					"@loader_path/Frameworks",
				);
				PRODUCT_BUNDLE_IDENTIFIER = memo.com.PreworkUITests;
				PRODUCT_NAME = "$(TARGET_NAME)";
				SWIFT_VERSION = 5.0;
				TARGETED_DEVICE_FAMILY = "1,2";
				TEST_TARGET_NAME = Prework;
			};
			name = Debug;
		};
		C60A4ED525AE836B002CB1F7 /* Release */ = {
			isa = XCBuildConfiguration;
			buildSettings = {
				ALWAYS_EMBED_SWIFT_STANDARD_LIBRARIES = YES;
				CODE_SIGN_STYLE = Automatic;
				INFOPLIST_FILE = PreworkUITests/Info.plist;
				LD_RUNPATH_SEARCH_PATHS = (
					"$(inherited)",
					"@executable_path/Frameworks",
					"@loader_path/Frameworks",
				);
				PRODUCT_BUNDLE_IDENTIFIER = memo.com.PreworkUITests;
				PRODUCT_NAME = "$(TARGET_NAME)";
				SWIFT_VERSION = 5.0;
				TARGETED_DEVICE_FAMILY = "1,2";
				TEST_TARGET_NAME = Prework;
			};
			name = Release;
		};
/* End XCBuildConfiguration section */

/* Begin XCConfigurationList section */
		C60A4E9E25AE8365002CB1F7 /* Build configuration list for PBXProject "Prework" */ = {
			isa = XCConfigurationList;
			buildConfigurations = (
				C60A4ECB25AE836B002CB1F7 /* Debug */,
				C60A4ECC25AE836B002CB1F7 /* Release */,
			);
			defaultConfigurationIsVisible = 0;
			defaultConfigurationName = Release;
		};
		C60A4ECD25AE836B002CB1F7 /* Build configuration list for PBXNativeTarget "Prework" */ = {
			isa = XCConfigurationList;
			buildConfigurations = (
				C60A4ECE25AE836B002CB1F7 /* Debug */,
				C60A4ECF25AE836B002CB1F7 /* Release */,
			);
			defaultConfigurationIsVisible = 0;
			defaultConfigurationName = Release;
		};
		C60A4ED025AE836B002CB1F7 /* Build configuration list for PBXNativeTarget "PreworkTests" */ = {
			isa = XCConfigurationList;
			buildConfigurations = (
				C60A4ED125AE836B002CB1F7 /* Debug */,
				C60A4ED225AE836B002CB1F7 /* Release */,
			);
			defaultConfigurationIsVisible = 0;
			defaultConfigurationName = Release;
		};
		C60A4ED325AE836B002CB1F7 /* Build configuration list for PBXNativeTarget "PreworkUITests" */ = {
			isa = XCConfigurationList;
			buildConfigurations = (
				C60A4ED425AE836B002CB1F7 /* Debug */,
				C60A4ED525AE836B002CB1F7 /* Release */,
			);
			defaultConfigurationIsVisible = 0;
			defaultConfigurationName = Release;
		};
/* End XCConfigurationList section */
	};
	rootObject = C60A4E9B25AE8365002CB1F7 /* Project object */;
}
